
Microsoft Visual Studio Solution File, Format Version 12.00
# Visual Studio Version 16
VisualStudioVersion = 16.0.29409.12
MinimumVisualStudioVersion = 10.0.40219.1
Project("{9A19103F-16F7-4668-BE54-9A1E7A4F7556}") = "TestGrpService", "Server\TestGrpService.csproj", "{FDEEA9F0-24FB-4038-A906-ABA4FC0F15B4}"
EndProject
Project("{9A19103F-16F7-4668-BE54-9A1E7A4F7556}") = "TestClient", "Client\TestClient.csproj", "{06D593CD-ED24-422E-9CB0-A5A002DA04EF}"
EndProject
Project("{2150E333-8FDC-42A3-9474-1A3956D46DE8}") = "Solution Items", "Solution Items", "{95960870-CEDE-4E54-8402-1B91F4CB1F4E}"
	ProjectSection(SolutionItems) = preProject
		README.md = README.md
	EndProjectSection
EndProject
Global
	GlobalSection(SolutionConfigurationPlatforms) = preSolution
		Debug|Any CPU = Debug|Any CPU
		Release|Any CPU = Release|Any CPU
	EndGlobalSection
	GlobalSection(ProjectConfigurationPlatforms) = postSolution
		{FDEEA9F0-24FB-4038-A906-ABA4FC0F15B4}.Debug|Any CPU.ActiveCfg = Debug|Any CPU
		{FDEEA9F0-24FB-4038-A906-ABA4FC0F15B4}.Debug|Any CPU.Build.0 = Debug|Any CPU
		{FDEEA9F0-24FB-4038-A906-ABA4FC0F15B4}.Release|Any CPU.ActiveCfg = Release|Any CPU
		{FDEEA9F0-24FB-4038-A906-ABA4FC0F15B4}.Release|Any CPU.Build.0 = Release|Any CPU
		{06D593CD-ED24-422E-9CB0-A5A002DA04EF}.Debug|Any CPU.ActiveCfg = Debug|Any CPU
		{06D593CD-ED24-422E-9CB0-A5A002DA04EF}.Debug|Any CPU.Build.0 = Debug|Any CPU
		{06D593CD-ED24-422E-9CB0-A5A002DA04EF}.Release|Any CPU.ActiveCfg = Release|Any CPU
		{06D593CD-ED24-422E-9CB0-A5A002DA04EF}.Release|Any CPU.Build.0 = Release|Any CPU
	EndGlobalSection
	GlobalSection(SolutionProperties) = preSolution
		HideSolutionNode = FALSE
	EndGlobalSection
	GlobalSection(ExtensibilityGlobals) = postSolution
		SolutionGuid = {606343F9-DC89-4E3C-BEF3-983239BDE9CF}
	EndGlobalSection
EndGlobal
